{
  "name": "unplugin-isolated-decl-bug-index",
  "version": "1.0.0",
  "lockfileVersion": 3,
  "requires": true,
  "packages": {
    "": {
      "name": "unplugin-isolated-decl-bug-index",
      "version": "1.0.0",
      "license": "ISC",
      "dependencies": {
        "react": "^18.3.1"
      },
      "devDependencies": {
        "@types/react": "^18.3.10",
        "oxc-transform": "^0.28.0",
        "rollup": "^4.23.0",
        "rollup-plugin-swc3": "^0.11.2",
        "typescript": "^5.6.2",
        "unplugin-isolated-decl": "^0.6.6"
      }
    },
    "node_modules/@fastify/deepmerge": {
      "version": "1.3.0",
      "resolved": "https://registry.npmjs.org/@fastify/deepmerge/-/deepmerge-1.3.0.tgz",
      "integrity": "sha512-J8TOSBq3SoZbDhM9+R/u77hP93gz/rajSA+K2kGyijPpORPWUXHUpTaleoj+92As0S9uPRP7Oi8IqMf0u+ro6A==",
      "dev": true,
      "license": "MIT"
    },
    "node_modules/@jridgewell/sourcemap-codec": {
      "version": "1.5.0",
      "resolved": "https://registry.npmjs.org/@jridgewell/sourcemap-codec/-/sourcemap-codec-1.5.0.tgz",
      "integrity": "sha512-gv3ZRaISU3fjPAgNsriBRqGWQL6quFx04YMPW/zD8XMLsU32mhCCbfbO6KZFLjvYpCZ8zyDEgqsgf+PwPaM7GQ==",
      "dev": true,
      "license": "MIT"
    },
    "node_modules/@oxc-parser/binding-darwin-arm64": {
      "version": "0.30.5",
      "resolved": "https://registry.npmjs.org/@oxc-parser/binding-darwin-arm64/-/binding-darwin-arm64-0.30.5.tgz",
      "integrity": "sha512-D5XggvR5oPSM9KmX8A/kaqOZU05HDD3ipEID7BfVDLh+TC/vIj5it+XzhOlTMq59X4fkpNFhdkux3MypKvaHfQ==",
      "cpu": [
        "arm64"
      ],
      "dev": true,
      "license": "MIT",
      "optional": true,
      "os": [
        "darwin"
      ]
    },
    "node_modules/@oxc-parser/binding-darwin-x64": {
      "version": "0.30.5",
      "resolved": "https://registry.npmjs.org/@oxc-parser/binding-darwin-x64/-/binding-darwin-x64-0.30.5.tgz",
      "integrity": "sha512-iA/wLlKAOJGPQJ1+VmHO9rgeSE79hwGskiCgeGg7uHHYkCesaFbUOP/nqMOQGmpYjrK9aNcfXRF5fGDZlXPDJg==",
      "cpu": [
        "x64"
      ],
      "dev": true,
      "license": "MIT",
      "optional": true,
      "os": [
        "darwin"
      ]
    },
    "node_modules/@oxc-parser/binding-linux-arm64-gnu": {
      "version": "0.30.5",
      "resolved": "https://registry.npmjs.org/@oxc-parser/binding-linux-arm64-gnu/-/binding-linux-arm64-gnu-0.30.5.tgz",
      "integrity": "sha512-6+8xLMY2LhyjxtCCWByp7dgLGkjednBeObVk/ZqzMPuS5dae97navOlmYWypGE1FDcVXCVd14aAHxAvNVbyzsg==",
      "cpu": [
        "arm64"
      ],
      "dev": true,
      "license": "MIT",
      "optional": true,
      "os": [
        "linux"
      ]
    },
    "node_modules/@oxc-parser/binding-linux-arm64-musl": {
      "version": "0.30.5",
      "resolved": "https://registry.npmjs.org/@oxc-parser/binding-linux-arm64-musl/-/binding-linux-arm64-musl-0.30.5.tgz",
      "integrity": "sha512-lb68y/oywf04Cvy+W4iqMx3Si1wkllg30pgjzORFNzwEvfkIjIWX0QuVgv0Q0bMdqLSGDSIy24jZKqlR3SnPnw==",
      "cpu": [
        "arm64"
      ],
      "dev": true,
      "license": "MIT",
      "optional": true,
      "os": [
        "linux"
      ]
    },
    "node_modules/@oxc-parser/binding-linux-x64-gnu": {
      "version": "0.30.5",
      "resolved": "https://registry.npmjs.org/@oxc-parser/binding-linux-x64-gnu/-/binding-linux-x64-gnu-0.30.5.tgz",
      "integrity": "sha512-ovN7XOxFgiOVwOme5fb0p7mDd6H5xJmeR/qAA+jhfZqWZrjbzVGapHtKccWBctkdF2MReymd0xDDtpfSSvn1dw==",
      "cpu": [
        "x64"
      ],
      "dev": true,
      "license": "MIT",
      "optional": true,
      "os": [
        "linux"
      ]
    },
    "node_modules/@oxc-parser/binding-linux-x64-musl": {
      "version": "0.30.5",
      "resolved": "https://registry.npmjs.org/@oxc-parser/binding-linux-x64-musl/-/binding-linux-x64-musl-0.30.5.tgz",
      "integrity": "sha512-GcIYJe3hPHsSNdQK8G2Fvc1cHgDh7dCGPHg0XJzMBPIXP+LJJY7KtzAOv5ldgIidk/xS8N2MmHsIeUfcm8jlmA==",
      "cpu": [
        "x64"
      ],
      "dev": true,
      "license": "MIT",
      "optional": true,
      "os": [
        "linux"
      ]
    },
    "node_modules/@oxc-parser/binding-win32-arm64-msvc": {
      "version": "0.30.5",
      "resolved": "https://registry.npmjs.org/@oxc-parser/binding-win32-arm64-msvc/-/binding-win32-arm64-msvc-0.30.5.tgz",
      "integrity": "sha512-sZ+TPkdUTZhTIHy5HEgHbqoLNajfY269lwFYStkOv9RcoqJYUxghZOfwOJWku0fukvAldvsMbF9BXM0J04onIA==",
      "cpu": [
        "arm64"
      ],
      "dev": true,
      "license": "MIT",
      "optional": true,
      "os": [
        "win32"
      ]
    },
    "node_modules/@oxc-parser/binding-win32-x64-msvc": {
      "version": "0.30.5",
      "resolved": "https://registry.npmjs.org/@oxc-parser/binding-win32-x64-msvc/-/binding-win32-x64-msvc-0.30.5.tgz",
      "integrity": "sha512-hxSKjMYepF5ep5zw/z8mYkM4QkycM8a4hFzz7143MHMx0C5i7CuXRYEKH8h0rYkWShcA4QWscC6o6r1sc6rjJQ==",
      "cpu": [
        "x64"
      ],
      "dev": true,
      "license": "MIT",
      "optional": true,
      "os": [
        "win32"
      ]
    },
    "node_modules/@oxc-transform/binding-darwin-arm64": {
      "version": "0.28.0",
      "resolved": "https://registry.npmjs.org/@oxc-transform/binding-darwin-arm64/-/binding-darwin-arm64-0.28.0.tgz",
      "integrity": "sha512-WBqUfFjr/6I5nrImc8Teo5lqM6SPCkxSjl59bJbSMNSeeDiO6TPqXNd8JmmLoFRIi834aPV0tcLNRs3R5k1cgA==",
      "cpu": [
        "arm64"
      ],
      "dev": true,
      "license": "MIT",
      "optional": true,
      "os": [
        "darwin"
      ]
    },
    "node_modules/@oxc-transform/binding-darwin-x64": {
      "version": "0.28.0",
      "resolved": "https://registry.npmjs.org/@oxc-transform/binding-darwin-x64/-/binding-darwin-x64-0.28.0.tgz",
      "integrity": "sha512-9ndgXbENCHmYhS5py40f2OG5v17INO72UI+KvHCztejm1E2D0mKYOt+ZTp4H8uDkU1LmyQWX+60U2dXTTHBgWQ==",
      "cpu": [
        "x64"
      ],
      "dev": true,
      "license": "MIT",
      "optional": true,
      "os": [
        "darwin"
      ]
    },
    "node_modules/@oxc-transform/binding-linux-arm64-gnu": {
      "version": "0.28.0",
      "resolved": "https://registry.npmjs.org/@oxc-transform/binding-linux-arm64-gnu/-/binding-linux-arm64-gnu-0.28.0.tgz",
      "integrity": "sha512-5NZKi3DruTEtxUd/uHP1RXdnoB0vWZRZbOqTI96wf6RzWZ62djj1ywPb4fGESyPmsb+5I77p5o4yozVSs5LfAQ==",
      "cpu": [
        "arm64"
      ],
      "dev": true,
      "license": "MIT",
      "optional": true,
      "os": [
        "linux"
      ]
    },
    "node_modules/@oxc-transform/binding-linux-arm64-musl": {
      "version": "0.28.0",
      "resolved": "https://registry.npmjs.org/@oxc-transform/binding-linux-arm64-musl/-/binding-linux-arm64-musl-0.28.0.tgz",
      "integrity": "sha512-ZSU18gGHzDhrs34FrF6i8+TUkOBhphHLUc5QAlm+Qu77b3m+Q1Drqri5vc96E+TvrYBybCLvryOG+WwILCavBQ==",
      "cpu": [
        "arm64"
      ],
      "dev": true,
      "license": "MIT",
      "optional": true,
      "os": [
        "linux"
      ]
    },
    "node_modules/@oxc-transform/binding-linux-x64-gnu": {
      "version": "0.28.0",
      "resolved": "https://registry.npmjs.org/@oxc-transform/binding-linux-x64-gnu/-/binding-linux-x64-gnu-0.28.0.tgz",
      "integrity": "sha512-ozgoPjEUgU1UOHiZDwNzbNJQceDWBhsHYtzcNKkas7v5EPRegSLdSpQLJ8bj88wmS1XermL9/3vMe0+xfN3/nA==",
      "cpu": [
        "x64"
      ],
      "dev": true,
      "license": "MIT",
      "optional": true,
      "os": [
        "linux"
      ]
    },
    "node_modules/@oxc-transform/binding-linux-x64-musl": {
      "version": "0.28.0",
      "resolved": "https://registry.npmjs.org/@oxc-transform/binding-linux-x64-musl/-/binding-linux-x64-musl-0.28.0.tgz",
      "integrity": "sha512-HYMRAfsqjTDyN9bu8KhSMIF1mjRVogOgVkovW/Iz5G2JydzIse+ZEKR6lXx0lctIQxbFKW6TatQLWCoABGHQjw==",
      "cpu": [
        "x64"
      ],
      "dev": true,
      "license": "MIT",
      "optional": true,
      "os": [
        "linux"
      ]
    },
    "node_modules/@oxc-transform/binding-win32-arm64-msvc": {
      "version": "0.28.0",
      "resolved": "https://registry.npmjs.org/@oxc-transform/binding-win32-arm64-msvc/-/binding-win32-arm64-msvc-0.28.0.tgz",
      "integrity": "sha512-9vTEGSj+ZcNGTkQu/0WdRrK1qqYgiBm47UWXmlmPSPnbiZmFZ+hvkFG/3qwwYaAnhe486w6el3Vc4VoHtzCiKQ==",
      "cpu": [
        "arm64"
      ],
      "dev": true,
      "license": "MIT",
      "optional": true,
      "os": [
        "win32"
      ]
    },
    "node_modules/@oxc-transform/binding-win32-x64-msvc": {
      "version": "0.28.0",
      "resolved": "https://registry.npmjs.org/@oxc-transform/binding-win32-x64-msvc/-/binding-win32-x64-msvc-0.28.0.tgz",
      "integrity": "sha512-+RRend+n8iCULBVg1HyhPpXL2oD1UUuIgyY6R2IYQ3MDYHZ9pMvzgfZvr/qmYD5HbUUVK8RM8Ad4lVHa6Hp61g==",
      "cpu": [
        "x64"
      ],
      "dev": true,
      "license": "MIT",
      "optional": true,
      "os": [
        "win32"
      ]
    },
    "node_modules/@rollup/pluginutils": {
      "version": "5.1.2",
      "resolved": "https://registry.npmjs.org/@rollup/pluginutils/-/pluginutils-5.1.2.tgz",
      "integrity": "sha512-/FIdS3PyZ39bjZlwqFnWqCOVnW7o963LtKMwQOD0NhQqw22gSr2YY1afu3FxRip4ZCZNsD5jq6Aaz6QV3D/Njw==",
      "dev": true,
      "license": "MIT",
      "dependencies": {
        "@types/estree": "^1.0.0",
        "estree-walker": "^2.0.2",
        "picomatch": "^2.3.1"
      },
      "engines": {
        "node": ">=14.0.0"
      },
      "peerDependencies": {
        "rollup": "^1.20.0||^2.0.0||^3.0.0||^4.0.0"
      },
      "peerDependenciesMeta": {
        "rollup": {
          "optional": true
        }
      }
    },
    "node_modules/@rollup/rollup-android-arm-eabi": {
      "version": "4.23.0",
      "resolved": "https://registry.npmjs.org/@rollup/rollup-android-arm-eabi/-/rollup-android-arm-eabi-4.23.0.tgz",
      "integrity": "sha512-8OR+Ok3SGEMsAZispLx8jruuXw0HVF16k+ub2eNXKHDmdxL4cf9NlNpAzhlOhNyXzKDEJuFeq0nZm+XlNb1IFw==",
      "cpu": [
        "arm"
      ],
      "dev": true,
      "license": "MIT",
      "optional": true,
      "os": [
        "android"
      ]
    },
    "node_modules/@rollup/rollup-android-arm64": {
      "version": "4.23.0",
      "resolved": "https://registry.npmjs.org/@rollup/rollup-android-arm64/-/rollup-android-arm64-4.23.0.tgz",
      "integrity": "sha512-rEFtX1nP8gqmLmPZsXRMoLVNB5JBwOzIAk/XAcEPuKrPa2nPJ+DuGGpfQUR0XjRm8KjHfTZLpWbKXkA5BoFL3w==",
      "cpu": [
        "arm64"
      ],
      "dev": true,
      "license": "MIT",
      "optional": true,
      "os": [
        "android"
      ]
    },
    "node_modules/@rollup/rollup-darwin-arm64": {
      "version": "4.23.0",
      "resolved": "https://registry.npmjs.org/@rollup/rollup-darwin-arm64/-/rollup-darwin-arm64-4.23.0.tgz",
      "integrity": "sha512-ZbqlMkJRMMPeapfaU4drYHns7Q5MIxjM/QeOO62qQZGPh9XWziap+NF9fsqPHT0KzEL6HaPspC7sOwpgyA3J9g==",
      "cpu": [
        "arm64"
      ],
      "dev": true,
      "license": "MIT",
      "optional": true,
      "os": [
        "darwin"
      ]
    },
    "node_modules/@rollup/rollup-darwin-x64": {
      "version": "4.23.0",
      "resolved": "https://registry.npmjs.org/@rollup/rollup-darwin-x64/-/rollup-darwin-x64-4.23.0.tgz",
      "integrity": "sha512-PfmgQp78xx5rBCgn2oYPQ1rQTtOaQCna0kRaBlc5w7RlA3TDGGo7m3XaptgitUZ54US9915i7KeVPHoy3/W8tA==",
      "cpu": [
        "x64"
      ],
      "dev": true,
      "license": "MIT",
      "optional": true,
      "os": [
        "darwin"
      ]
    },
    "node_modules/@rollup/rollup-linux-arm-gnueabihf": {
      "version": "4.23.0",
      "resolved": "https://registry.npmjs.org/@rollup/rollup-linux-arm-gnueabihf/-/rollup-linux-arm-gnueabihf-4.23.0.tgz",
      "integrity": "sha512-WAeZfAAPus56eQgBioezXRRzArAjWJGjNo/M+BHZygUcs9EePIuGI1Wfc6U/Ki+tMW17FFGvhCfYnfcKPh18SA==",
      "cpu": [
        "arm"
      ],
      "dev": true,
      "license": "MIT",
      "optional": true,
      "os": [
        "linux"
      ]
    },
    "node_modules/@rollup/rollup-linux-arm-musleabihf": {
      "version": "4.23.0",
      "resolved": "https://registry.npmjs.org/@rollup/rollup-linux-arm-musleabihf/-/rollup-linux-arm-musleabihf-4.23.0.tgz",
      "integrity": "sha512-v7PGcp1O5XKZxKX8phTXtmJDVpE20Ub1eF6w9iMmI3qrrPak6yR9/5eeq7ziLMrMTjppkkskXyxnmm00HdtXjA==",
      "cpu": [
        "arm"
      ],
      "dev": true,
      "license": "MIT",
      "optional": true,
      "os": [
        "linux"
      ]
    },
    "node_modules/@rollup/rollup-linux-arm64-gnu": {
      "version": "4.23.0",
      "resolved": "https://registry.npmjs.org/@rollup/rollup-linux-arm64-gnu/-/rollup-linux-arm64-gnu-4.23.0.tgz",
      "integrity": "sha512-nAbWsDZ9UkU6xQiXEyXBNHAKbzSAi95H3gTStJq9UGiS1v+YVXwRHcQOQEF/3CHuhX5BVhShKoeOf6Q/1M+Zhg==",
      "cpu": [
        "arm64"
      ],
      "dev": true,
      "license": "MIT",
      "optional": true,
      "os": [
        "linux"
      ]
    },
    "node_modules/@rollup/rollup-linux-arm64-musl": {
      "version": "4.23.0",
      "resolved": "https://registry.npmjs.org/@rollup/rollup-linux-arm64-musl/-/rollup-linux-arm64-musl-4.23.0.tgz",
      "integrity": "sha512-5QT/Di5FbGNPaVw8hHO1wETunwkPuZBIu6W+5GNArlKHD9fkMHy7vS8zGHJk38oObXfWdsuLMogD4sBySLJ54g==",
      "cpu": [
        "arm64"
      ],
      "dev": true,
      "license": "MIT",
      "optional": true,
      "os": [
        "linux"
      ]
    },
    "node_modules/@rollup/rollup-linux-powerpc64le-gnu": {
      "version": "4.23.0",
      "resolved": "https://registry.npmjs.org/@rollup/rollup-linux-powerpc64le-gnu/-/rollup-linux-powerpc64le-gnu-4.23.0.tgz",
      "integrity": "sha512-Sefl6vPyn5axzCsO13r1sHLcmPuiSOrKIImnq34CBurntcJ+lkQgAaTt/9JkgGmaZJ+OkaHmAJl4Bfd0DmdtOQ==",
      "cpu": [
        "ppc64"
      ],
      "dev": true,
      "license": "MIT",
      "optional": true,
      "os": [
        "linux"
      ]
    },
    "node_modules/@rollup/rollup-linux-riscv64-gnu": {
      "version": "4.23.0",
      "resolved": "https://registry.npmjs.org/@rollup/rollup-linux-riscv64-gnu/-/rollup-linux-riscv64-gnu-4.23.0.tgz",
      "integrity": "sha512-o4QI2KU/QbP7ZExMse6ULotdV3oJUYMrdx3rBZCgUF3ur3gJPfe8Fuasn6tia16c5kZBBw0aTmaUygad6VB/hQ==",
      "cpu": [
        "riscv64"
      ],
      "dev": true,
      "license": "MIT",
      "optional": true,
      "os": [
        "linux"
      ]
    },
    "node_modules/@rollup/rollup-linux-s390x-gnu": {
      "version": "4.23.0",
      "resolved": "https://registry.npmjs.org/@rollup/rollup-linux-s390x-gnu/-/rollup-linux-s390x-gnu-4.23.0.tgz",
      "integrity": "sha512-+bxqx+V/D4FGrpXzPGKp/SEZIZ8cIW3K7wOtcJAoCrmXvzRtmdUhYNbgd+RztLzfDEfA2WtKj5F4tcbNPuqgeg==",
      "cpu": [
        "s390x"
      ],
      "dev": true,
      "license": "MIT",
      "optional": true,
      "os": [
        "linux"
      ]
    },
    "node_modules/@rollup/rollup-linux-x64-gnu": {
      "version": "4.23.0",
      "resolved": "https://registry.npmjs.org/@rollup/rollup-linux-x64-gnu/-/rollup-linux-x64-gnu-4.23.0.tgz",
      "integrity": "sha512-I/eXsdVoCKtSgK9OwyQKPAfricWKUMNCwJKtatRYMmDo5N859tbO3UsBw5kT3dU1n6ZcM1JDzPRSGhAUkxfLxw==",
      "cpu": [
        "x64"
      ],
      "dev": true,
      "license": "MIT",
      "optional": true,
      "os": [
        "linux"
      ]
    },
    "node_modules/@rollup/rollup-linux-x64-musl": {
      "version": "4.23.0",
      "resolved": "https://registry.npmjs.org/@rollup/rollup-linux-x64-musl/-/rollup-linux-x64-musl-4.23.0.tgz",
      "integrity": "sha512-4ZoDZy5ShLbbe1KPSafbFh1vbl0asTVfkABC7eWqIs01+66ncM82YJxV2VtV3YVJTqq2P8HMx3DCoRSWB/N3rw==",
      "cpu": [
        "x64"
      ],
      "dev": true,
      "license": "MIT",
      "optional": true,
      "os": [
        "linux"
      ]
    },
    "node_modules/@rollup/rollup-win32-arm64-msvc": {
      "version": "4.23.0",
      "resolved": "https://registry.npmjs.org/@rollup/rollup-win32-arm64-msvc/-/rollup-win32-arm64-msvc-4.23.0.tgz",
      "integrity": "sha512-+5Ky8dhft4STaOEbZu3/NU4QIyYssKO+r1cD3FzuusA0vO5gso15on7qGzKdNXnc1gOrsgCqZjRw1w+zL4y4hQ==",
      "cpu": [
        "arm64"
      ],
      "dev": true,
      "license": "MIT",
      "optional": true,
      "os": [
        "win32"
      ]
    },
    "node_modules/@rollup/rollup-win32-ia32-msvc": {
      "version": "4.23.0",
      "resolved": "https://registry.npmjs.org/@rollup/rollup-win32-ia32-msvc/-/rollup-win32-ia32-msvc-4.23.0.tgz",
      "integrity": "sha512-0SPJk4cPZQhq9qA1UhIRumSE3+JJIBBjtlGl5PNC///BoaByckNZd53rOYD0glpTkYFBQSt7AkMeLVPfx65+BQ==",
      "cpu": [
        "ia32"
      ],
      "dev": true,
      "license": "MIT",
      "optional": true,
      "os": [
        "win32"
      ]
    },
    "node_modules/@rollup/rollup-win32-x64-msvc": {
      "version": "4.23.0",
      "resolved": "https://registry.npmjs.org/@rollup/rollup-win32-x64-msvc/-/rollup-win32-x64-msvc-4.23.0.tgz",
      "integrity": "sha512-lqCK5GQC8fNo0+JvTSxcG7YB1UKYp8yrNLhsArlvPWN+16ovSZgoehlVHg6X0sSWPUkpjRBR5TuR12ZugowZ4g==",
      "cpu": [
        "x64"
      ],
      "dev": true,
      "license": "MIT",
      "optional": true,
      "os": [
        "win32"
      ]
    },
    "node_modules/@swc/core": {
      "version": "1.7.26",
      "resolved": "https://registry.npmjs.org/@swc/core/-/core-1.7.26.tgz",
      "integrity": "sha512-f5uYFf+TmMQyYIoxkn/evWhNGuUzC730dFwAKGwBVHHVoPyak1/GvJUm6i1SKl+2Hrj9oN0i3WSoWWZ4pgI8lw==",
      "dev": true,
      "hasInstallScript": true,
      "license": "Apache-2.0",
      "peer": true,
      "dependencies": {
        "@swc/counter": "^0.1.3",
        "@swc/types": "^0.1.12"
      },
      "engines": {
        "node": ">=10"
      },
      "funding": {
        "type": "opencollective",
        "url": "https://opencollective.com/swc"
      },
      "optionalDependencies": {
        "@swc/core-darwin-arm64": "1.7.26",
        "@swc/core-darwin-x64": "1.7.26",
        "@swc/core-linux-arm-gnueabihf": "1.7.26",
        "@swc/core-linux-arm64-gnu": "1.7.26",
        "@swc/core-linux-arm64-musl": "1.7.26",
        "@swc/core-linux-x64-gnu": "1.7.26",
        "@swc/core-linux-x64-musl": "1.7.26",
        "@swc/core-win32-arm64-msvc": "1.7.26",
        "@swc/core-win32-ia32-msvc": "1.7.26",
        "@swc/core-win32-x64-msvc": "1.7.26"
      },
      "peerDependencies": {
        "@swc/helpers": "*"
      },
      "peerDependenciesMeta": {
        "@swc/helpers": {
          "optional": true
        }
      }
    },
    "node_modules/@swc/core-darwin-arm64": {
      "version": "1.7.26",
      "resolved": "https://registry.npmjs.org/@swc/core-darwin-arm64/-/core-darwin-arm64-1.7.26.tgz",
      "integrity": "sha512-FF3CRYTg6a7ZVW4yT9mesxoVVZTrcSWtmZhxKCYJX9brH4CS/7PRPjAKNk6kzWgWuRoglP7hkjQcd6EpMcZEAw==",
      "cpu": [
        "arm64"
      ],
      "dev": true,
      "license": "Apache-2.0 AND MIT",
      "optional": true,
      "os": [
        "darwin"
      ],
      "peer": true,
      "engines": {
        "node": ">=10"
      }
    },
    "node_modules/@swc/core-darwin-x64": {
      "version": "1.7.26",
      "resolved": "https://registry.npmjs.org/@swc/core-darwin-x64/-/core-darwin-x64-1.7.26.tgz",
      "integrity": "sha512-az3cibZdsay2HNKmc4bjf62QVukuiMRh5sfM5kHR/JMTrLyS6vSw7Ihs3UTkZjUxkLTT8ro54LI6sV6sUQUbLQ==",
      "cpu": [
        "x64"
      ],
      "dev": true,
      "license": "Apache-2.0 AND MIT",
      "optional": true,
      "os": [
        "darwin"
      ],
      "peer": true,
      "engines": {
        "node": ">=10"
      }
    },
    "node_modules/@swc/core-linux-arm-gnueabihf": {
      "version": "1.7.26",
      "resolved": "https://registry.npmjs.org/@swc/core-linux-arm-gnueabihf/-/core-linux-arm-gnueabihf-1.7.26.tgz",
      "integrity": "sha512-VYPFVJDO5zT5U3RpCdHE5v1gz4mmR8BfHecUZTmD2v1JeFY6fv9KArJUpjrHEEsjK/ucXkQFmJ0jaiWXmpOV9Q==",
      "cpu": [
        "arm"
      ],
      "dev": true,
      "license": "Apache-2.0",
      "optional": true,
      "os": [
        "linux"
      ],
      "peer": true,
      "engines": {
        "node": ">=10"
      }
    },
    "node_modules/@swc/core-linux-arm64-gnu": {
      "version": "1.7.26",
      "resolved": "https://registry.npmjs.org/@swc/core-linux-arm64-gnu/-/core-linux-arm64-gnu-1.7.26.tgz",
      "integrity": "sha512-YKevOV7abpjcAzXrhsl+W48Z9mZvgoVs2eP5nY+uoMAdP2b3GxC0Df1Co0I90o2lkzO4jYBpTMcZlmUXLdXn+Q==",
      "cpu": [
        "arm64"
      ],
      "dev": true,
      "license": "Apache-2.0 AND MIT",
      "optional": true,
      "os": [
        "linux"
      ],
      "peer": true,
      "engines": {
        "node": ">=10"
      }
    },
    "node_modules/@swc/core-linux-arm64-musl": {
      "version": "1.7.26",
      "resolved": "https://registry.npmjs.org/@swc/core-linux-arm64-musl/-/core-linux-arm64-musl-1.7.26.tgz",
      "integrity": "sha512-3w8iZICMkQQON0uIcvz7+Q1MPOW6hJ4O5ETjA0LSP/tuKqx30hIniCGOgPDnv3UTMruLUnQbtBwVCZTBKR3Rkg==",
      "cpu": [
        "arm64"
      ],
      "dev": true,
      "license": "Apache-2.0 AND MIT",
      "optional": true,
      "os": [
        "linux"
      ],
      "peer": true,
      "engines": {
        "node": ">=10"
      }
    },
    "node_modules/@swc/core-linux-x64-gnu": {
      "version": "1.7.26",
      "resolved": "https://registry.npmjs.org/@swc/core-linux-x64-gnu/-/core-linux-x64-gnu-1.7.26.tgz",
      "integrity": "sha512-c+pp9Zkk2lqb06bNGkR2Looxrs7FtGDMA4/aHjZcCqATgp348hOKH5WPvNLBl+yPrISuWjbKDVn3NgAvfvpH4w==",
      "cpu": [
        "x64"
      ],
      "dev": true,
      "license": "Apache-2.0 AND MIT",
      "optional": true,
      "os": [
        "linux"
      ],
      "peer": true,
      "engines": {
        "node": ">=10"
      }
    },
    "node_modules/@swc/core-linux-x64-musl": {
      "version": "1.7.26",
      "resolved": "https://registry.npmjs.org/@swc/core-linux-x64-musl/-/core-linux-x64-musl-1.7.26.tgz",
      "integrity": "sha512-PgtyfHBF6xG87dUSSdTJHwZ3/8vWZfNIXQV2GlwEpslrOkGqy+WaiiyE7Of7z9AvDILfBBBcJvJ/r8u980wAfQ==",
      "cpu": [
        "x64"
      ],
      "dev": true,
      "license": "Apache-2.0 AND MIT",
      "optional": true,
      "os": [
        "linux"
      ],
      "peer": true,
      "engines": {
        "node": ">=10"
      }
    },
    "node_modules/@swc/core-win32-arm64-msvc": {
      "version": "1.7.26",
      "resolved": "https://registry.npmjs.org/@swc/core-win32-arm64-msvc/-/core-win32-arm64-msvc-1.7.26.tgz",
      "integrity": "sha512-9TNXPIJqFynlAOrRD6tUQjMq7KApSklK3R/tXgIxc7Qx+lWu8hlDQ/kVPLpU7PWvMMwC/3hKBW+p5f+Tms1hmA==",
      "cpu": [
        "arm64"
      ],
      "dev": true,
      "license": "Apache-2.0 AND MIT",
      "optional": true,
      "os": [
        "win32"
      ],
      "peer": true,
      "engines": {
        "node": ">=10"
      }
    },
    "node_modules/@swc/core-win32-ia32-msvc": {
      "version": "1.7.26",
      "resolved": "https://registry.npmjs.org/@swc/core-win32-ia32-msvc/-/core-win32-ia32-msvc-1.7.26.tgz",
      "integrity": "sha512-9YngxNcG3177GYdsTum4V98Re+TlCeJEP4kEwEg9EagT5s3YejYdKwVAkAsJszzkXuyRDdnHUpYbTrPG6FiXrQ==",
      "cpu": [
        "ia32"
      ],
      "dev": true,
      "license": "Apache-2.0 AND MIT",
      "optional": true,
      "os": [
        "win32"
      ],
      "peer": true,
      "engines": {
        "node": ">=10"
      }
    },
    "node_modules/@swc/core-win32-x64-msvc": {
      "version": "1.7.26",
      "resolved": "https://registry.npmjs.org/@swc/core-win32-x64-msvc/-/core-win32-x64-msvc-1.7.26.tgz",
      "integrity": "sha512-VR+hzg9XqucgLjXxA13MtV5O3C0bK0ywtLIBw/+a+O+Oc6mxFWHtdUeXDbIi5AiPbn0fjgVJMqYnyjGyyX8u0w==",
      "cpu": [
        "x64"
      ],
      "dev": true,
      "license": "Apache-2.0 AND MIT",
      "optional": true,
      "os": [
        "win32"
      ],
      "peer": true,
      "engines": {
        "node": ">=10"
      }
    },
    "node_modules/@swc/counter": {
      "version": "0.1.3",
      "resolved": "https://registry.npmjs.org/@swc/counter/-/counter-0.1.3.tgz",
      "integrity": "sha512-e2BR4lsJkkRlKZ/qCHPw9ZaSxc0MVUd7gtbtaB7aMvHeJVYe8sOB8DBZkP2DtISHGSku9sCK6T6cnY0CtXrOCQ==",
      "dev": true,
      "license": "Apache-2.0",
      "peer": true
    },
    "node_modules/@swc/types": {
      "version": "0.1.12",
      "resolved": "https://registry.npmjs.org/@swc/types/-/types-0.1.12.tgz",
      "integrity": "sha512-wBJA+SdtkbFhHjTMYH+dEH1y4VpfGdAc2Kw/LK09i9bXd/K6j6PkDcFCEzb6iVfZMkPRrl/q0e3toqTAJdkIVA==",
      "dev": true,
      "license": "Apache-2.0",
      "peer": true,
      "dependencies": {
        "@swc/counter": "^0.1.3"
      }
    },
    "node_modules/@types/estree": {
      "version": "1.0.6",
      "resolved": "https://registry.npmjs.org/@types/estree/-/estree-1.0.6.tgz",
      "integrity": "sha512-AYnb1nQyY49te+VRAVgmzfcgjYS91mY5P0TKUDCLEM+gNnA+3T6rWITXRLYCpahpqSQbN5cE+gHpnPyXjHWxcw==",
      "dev": true,
      "license": "MIT"
    },
    "node_modules/@types/prop-types": {
      "version": "15.7.13",
      "resolved": "https://registry.npmjs.org/@types/prop-types/-/prop-types-15.7.13.tgz",
      "integrity": "sha512-hCZTSvwbzWGvhqxp/RqVqwU999pBf2vp7hzIjiYOsl8wqOmUxkQ6ddw1cV3l8811+kdUFus/q4d1Y3E3SyEifA==",
      "dev": true,
      "license": "MIT"
    },
    "node_modules/@types/react": {
      "version": "18.3.10",
      "resolved": "https://registry.npmjs.org/@types/react/-/react-18.3.10.tgz",
      "integrity": "sha512-02sAAlBnP39JgXwkAq3PeU9DVaaGpZyF3MGcC0MKgQVkZor5IiiDAipVaxQHtDJAmO4GIy/rVBy/LzVj76Cyqg==",
      "dev": true,
      "license": "MIT",
      "dependencies": {
        "@types/prop-types": "*",
        "csstype": "^3.0.2"
      }
    },
    "node_modules/acorn": {
      "version": "8.12.1",
      "resolved": "https://registry.npmjs.org/acorn/-/acorn-8.12.1.tgz",
      "integrity": "sha512-tcpGyI9zbizT9JbV6oYE477V6mTlXvvi0T0G3SNIYE2apm/G5huBa1+K89VGeovbg+jycCrfhl3ADxErOuO6Jg==",
      "dev": true,
      "license": "MIT",
      "bin": {
        "acorn": "bin/acorn"
      },
      "engines": {
        "node": ">=0.4.0"
      }
    },
    "node_modules/csstype": {
      "version": "3.1.3",
      "resolved": "https://registry.npmjs.org/csstype/-/csstype-3.1.3.tgz",
      "integrity": "sha512-M1uQkMl8rQK/szD0LNhtqxIPLpimGm8sOBwU7lLnCpSbTyY3yeU1Vc7l4KT5zT4s/yOxHH5O7tIuuLOCnLADRw==",
      "dev": true,
      "license": "MIT"
    },
    "node_modules/estree-walker": {
      "version": "2.0.2",
      "resolved": "https://registry.npmjs.org/estree-walker/-/estree-walker-2.0.2.tgz",
      "integrity": "sha512-Rfkk/Mp/DL7JVje3u18FxFujQlTNR2q6QfMSMB7AvCBx91NGj/ba3kCfza0f6dVDbw7YlRf/nDrn7pQrCCyQ/w==",
      "dev": true,
      "license": "MIT"
    },
    "node_modules/fsevents": {
      "version": "2.3.3",
      "resolved": "https://registry.npmjs.org/fsevents/-/fsevents-2.3.3.tgz",
      "integrity": "sha512-5xoDfX+fL7faATnagmWPpbFtwh/R77WmMMqqHGS65C3vvB0YHrgF+B1YmZ3441tMj5n63k0212XNoJwzlhffQw==",
      "dev": true,
      "hasInstallScript": true,
      "license": "MIT",
      "optional": true,
      "os": [
        "darwin"
      ],
      "engines": {
        "node": "^8.16.0 || ^10.6.0 || >=11.0.0"
      }
    },
    "node_modules/get-tsconfig": {
      "version": "4.8.1",
      "resolved": "https://registry.npmjs.org/get-tsconfig/-/get-tsconfig-4.8.1.tgz",
      "integrity": "sha512-k9PN+cFBmaLWtVz29SkUoqU5O0slLuHJXt/2P+tMVFT+phsSGXGkp9t3rQIqdz0e+06EHNGs3oM6ZX1s2zHxRg==",
      "dev": true,
      "license": "MIT",
      "dependencies": {
        "resolve-pkg-maps": "^1.0.0"
      },
      "funding": {
        "url": "https://github.com/privatenumber/get-tsconfig?sponsor=1"
      }
    },
    "node_modules/js-tokens": {
      "version": "4.0.0",
      "resolved": "https://registry.npmjs.org/js-tokens/-/js-tokens-4.0.0.tgz",
      "integrity": "sha512-RdJUflcE3cUzKiMqQgsCu06FPu9UdIJO0beYbPhHN4k6apgJtifcoCtT9bcxOpYBtpD2kCM6Sbzg4CausW/PKQ==",
      "license": "MIT"
    },
    "node_modules/loose-envify": {
      "version": "1.4.0",
      "resolved": "https://registry.npmjs.org/loose-envify/-/loose-envify-1.4.0.tgz",
      "integrity": "sha512-lyuxPGr/Wfhrlem2CL/UcnUc1zcqKAImBDzukY7Y5F/yQiNdko6+fRLevlw1HgMySw7f611UIY408EtxRSoK3Q==",
      "license": "MIT",
      "dependencies": {
        "js-tokens": "^3.0.0 || ^4.0.0"
      },
      "bin": {
        "loose-envify": "cli.js"
      }
    },
    "node_modules/magic-string": {
      "version": "0.30.11",
      "resolved": "https://registry.npmjs.org/magic-string/-/magic-string-0.30.11.tgz",
      "integrity": "sha512-+Wri9p0QHMy+545hKww7YAu5NyzF8iomPL/RQazugQ9+Ez4Ic3mERMd8ZTX5rfK944j+560ZJi8iAwgak1Ac7A==",
      "dev": true,
      "license": "MIT",
      "dependencies": {
        "@jridgewell/sourcemap-codec": "^1.5.0"
      }
    },
    "node_modules/oxc-parser": {
      "version": "0.30.5",
      "resolved": "https://registry.npmjs.org/oxc-parser/-/oxc-parser-0.30.5.tgz",
      "integrity": "sha512-ilcJ7SJrept5Yqr6y+MTGCVlXCQ8woxr2h+TWaHP/7yE6GnYXNP0+1oVIwr2rCoH0E9mSMyLJCfyiWwMcohp/g==",
      "dev": true,
      "license": "MIT",
      "funding": {
        "url": "https://github.com/sponsors/Boshen"
      },
      "optionalDependencies": {
        "@oxc-parser/binding-darwin-arm64": "0.30.5",
        "@oxc-parser/binding-darwin-x64": "0.30.5",
        "@oxc-parser/binding-linux-arm64-gnu": "0.30.5",
        "@oxc-parser/binding-linux-arm64-musl": "0.30.5",
        "@oxc-parser/binding-linux-x64-gnu": "0.30.5",
        "@oxc-parser/binding-linux-x64-musl": "0.30.5",
        "@oxc-parser/binding-win32-arm64-msvc": "0.30.5",
        "@oxc-parser/binding-win32-x64-msvc": "0.30.5"
      }
    },
    "node_modules/oxc-transform": {
      "version": "0.28.0",
      "resolved": "https://registry.npmjs.org/oxc-transform/-/oxc-transform-0.28.0.tgz",
      "integrity": "sha512-TxJhypZ9V6pFmApi/hyP0pX5jrxxJBH/GgXU9SJ7bFbfiA6W0GG7l5D+WMXixy8MBrs8WxoWBX5FCABhRfVgig==",
      "dev": true,
      "license": "MIT",
      "funding": {
        "url": "https://github.com/sponsors/Boshen"
      },
      "optionalDependencies": {
        "@oxc-transform/binding-darwin-arm64": "0.28.0",
        "@oxc-transform/binding-darwin-x64": "0.28.0",
        "@oxc-transform/binding-linux-arm64-gnu": "0.28.0",
        "@oxc-transform/binding-linux-arm64-musl": "0.28.0",
        "@oxc-transform/binding-linux-x64-gnu": "0.28.0",
        "@oxc-transform/binding-linux-x64-musl": "0.28.0",
        "@oxc-transform/binding-win32-arm64-msvc": "0.28.0",
        "@oxc-transform/binding-win32-x64-msvc": "0.28.0"
      }
    },
    "node_modules/picomatch": {
      "version": "2.3.1",
      "resolved": "https://registry.npmjs.org/picomatch/-/picomatch-2.3.1.tgz",
      "integrity": "sha512-JU3teHTNjmE2VCGFzuY8EXzCDVwEqB2a8fsIvwaStHhAWJEeVd1o1QD80CU6+ZdEXXSLbSsuLwJjkCBWqRQUVA==",
      "dev": true,
      "license": "MIT",
      "engines": {
        "node": ">=8.6"
      },
      "funding": {
        "url": "https://github.com/sponsors/jonschlinkert"
      }
    },
    "node_modules/react": {
      "version": "18.3.1",
      "resolved": "https://registry.npmjs.org/react/-/react-18.3.1.tgz",
      "integrity": "sha512-wS+hAgJShR0KhEvPJArfuPVN1+Hz1t0Y6n5jLrGQbkb4urgPE/0Rve+1kMB1v/oWgHgm4WIcV+i7F2pTVj+2iQ==",
      "license": "MIT",
      "dependencies": {
        "loose-envify": "^1.1.0"
      },
      "engines": {
        "node": ">=0.10.0"
      }
    },
    "node_modules/resolve-pkg-maps": {
      "version": "1.0.0",
      "resolved": "https://registry.npmjs.org/resolve-pkg-maps/-/resolve-pkg-maps-1.0.0.tgz",
      "integrity": "sha512-seS2Tj26TBVOC2NIc2rOe2y2ZO7efxITtLZcGSOnHHNOQ7CkiUBfw0Iw2ck6xkIhPwLhKNLS8BO+hEpngQlqzw==",
      "dev": true,
      "license": "MIT",
      "funding": {
        "url": "https://github.com/privatenumber/resolve-pkg-maps?sponsor=1"
      }
    },
    "node_modules/rollup": {
      "version": "4.23.0",
      "resolved": "https://registry.npmjs.org/rollup/-/rollup-4.23.0.tgz",
      "integrity": "sha512-vXB4IT9/KLDrS2WRXmY22sVB2wTsTwkpxjB8Q3mnakTENcYw3FRmfdYDy/acNmls+lHmDazgrRjK/yQ6hQAtwA==",
      "dev": true,
      "license": "MIT",
      "dependencies": {
        "@types/estree": "1.0.6"
      },
      "bin": {
        "rollup": "dist/bin/rollup"
      },
      "engines": {
        "node": ">=18.0.0",
        "npm": ">=8.0.0"
      },
      "optionalDependencies": {
        "@rollup/rollup-android-arm-eabi": "4.23.0",
        "@rollup/rollup-android-arm64": "4.23.0",
        "@rollup/rollup-darwin-arm64": "4.23.0",
        "@rollup/rollup-darwin-x64": "4.23.0",
        "@rollup/rollup-linux-arm-gnueabihf": "4.23.0",
        "@rollup/rollup-linux-arm-musleabihf": "4.23.0",
        "@rollup/rollup-linux-arm64-gnu": "4.23.0",
        "@rollup/rollup-linux-arm64-musl": "4.23.0",
        "@rollup/rollup-linux-powerpc64le-gnu": "4.23.0",
        "@rollup/rollup-linux-riscv64-gnu": "4.23.0",
        "@rollup/rollup-linux-s390x-gnu": "4.23.0",
        "@rollup/rollup-linux-x64-gnu": "4.23.0",
        "@rollup/rollup-linux-x64-musl": "4.23.0",
        "@rollup/rollup-win32-arm64-msvc": "4.23.0",
        "@rollup/rollup-win32-ia32-msvc": "4.23.0",
        "@rollup/rollup-win32-x64-msvc": "4.23.0",
        "fsevents": "~2.3.2"
      }
    },
    "node_modules/rollup-plugin-swc3": {
      "version": "0.11.2",
      "resolved": "https://registry.npmjs.org/rollup-plugin-swc3/-/rollup-plugin-swc3-0.11.2.tgz",
      "integrity": "sha512-o1ih9B806fV2wBSNk46T0cYfTF2eiiKmYXRpWw3K4j/Cp3tCAt10UCVsTqvUhGP58pcB3/GZcAVl5e7TCSKN6Q==",
      "dev": true,
      "license": "MIT",
      "dependencies": {
        "@fastify/deepmerge": "^1.3.0",
        "@rollup/pluginutils": "^5.1.0",
        "get-tsconfig": "^4.7.3",
        "rollup-preserve-directives": "^1.1.1"
      },
      "engines": {
        "node": ">=12"
      },
      "peerDependencies": {
        "@swc/core": ">=1.2.165",
        "rollup": "^2.0.0 || ^3.0.0 || ^4.0.0"
      }
    },
    "node_modules/rollup-preserve-directives": {
      "version": "1.1.1",
      "resolved": "https://registry.npmjs.org/rollup-preserve-directives/-/rollup-preserve-directives-1.1.1.tgz",
      "integrity": "sha512-+eQafbuEfDPfxQ9hQPlwaROfin4yiVRxap8hnrvvvcSGoukv1tTiYpAW9mvm3uR8J+fe4xd8FdVd5rz9q7jZ+Q==",
      "dev": true,
      "license": "MIT",
      "dependencies": {
        "magic-string": "^0.30.5"
      },
      "peerDependencies": {
        "rollup": "^2.0.0 || ^3.0.0 || ^4.0.0"
      }
    },
    "node_modules/typescript": {
      "version": "5.6.2",
      "resolved": "https://registry.npmjs.org/typescript/-/typescript-5.6.2.tgz",
      "integrity": "sha512-NW8ByodCSNCwZeghjN3o+JX5OFH0Ojg6sadjEKY4huZ52TqbJTJnDo5+Tw98lSy63NZvi4n+ez5m2u5d4PkZyw==",
      "dev": true,
      "license": "Apache-2.0",
      "bin": {
        "tsc": "bin/tsc",
        "tsserver": "bin/tsserver"
      },
      "engines": {
        "node": ">=14.17"
      }
    },
    "node_modules/unplugin": {
      "version": "1.14.1",
      "resolved": "https://registry.npmjs.org/unplugin/-/unplugin-1.14.1.tgz",
      "integrity": "sha512-lBlHbfSFPToDYp9pjXlUEFVxYLaue9f9T1HC+4OHlmj+HnMDdz9oZY+erXfoCe/5V/7gKUSY2jpXPb9S7f0f/w==",
      "dev": true,
      "license": "MIT",
      "dependencies": {
        "acorn": "^8.12.1",
        "webpack-virtual-modules": "^0.6.2"
      },
      "engines": {
        "node": ">=14.0.0"
      },
      "peerDependencies": {
        "webpack-sources": "^3"
      },
      "peerDependenciesMeta": {
        "webpack-sources": {
          "optional": true
        }
      }
    },
    "node_modules/unplugin-isolated-decl": {
      "version": "0.6.6",
      "resolved": "https://registry.npmjs.org/unplugin-isolated-decl/-/unplugin-isolated-decl-0.6.6.tgz",
      "integrity": "sha512-z5D/1vfzjJVpy4AmeLgCOYOLF57gIzzpYRLyojVPHpYJuD9b2qCs3o86wkF+PH84r1tij4J7xs/kMKQWJu3rNA==",
      "dev": true,
      "license": "MIT",
      "dependencies": {
        "@rollup/pluginutils": "^5.1.2",
        "magic-string": "^0.30.11",
        "oxc-parser": "^0.30.5",
        "unplugin": "^1.14.1"
      },
      "engines": {
        "node": ">=18.12.0"
      },
      "peerDependencies": {
        "@swc/core": "^1.6.6",
        "oxc-transform": "^0.28.0",
        "typescript": "^5.5.2"
      },
      "peerDependenciesMeta": {
        "@swc/core": {
          "optional": true
        },
        "oxc-transform": {
          "optional": true
        },
        "typescript": {
          "optional": true
        }
      }
    },
    "node_modules/webpack-virtual-modules": {
      "version": "0.6.2",
      "resolved": "https://registry.npmjs.org/webpack-virtual-modules/-/webpack-virtual-modules-0.6.2.tgz",
      "integrity": "sha512-66/V2i5hQanC51vBQKPH4aI8NMAcBW59FVBs+rC7eGHupMyfn34q7rZIE+ETlJ+XTevqfUhVVBgSUNSW2flEUQ==",
      "dev": true,
      "license": "MIT"
    }
  }
}
